{
    "_readme": [
        "This file locks the dependencies of your project to a known state",
        "Read more about it at https://getcomposer.org/doc/01-basic-usage.md#composer-lock-the-lock-file",
        "This file is @generated automatically"
    ],
    "content-hash": "58f5a57e197d84534a306d04d4f0b816",
    "packages": [
        {
            "name": "phpclassic/php-shopify",
            "version": "1.0.0-beta",
            "source": {
                "type": "git",
                "url": "https://github.com/phpclassic/php-shopify.git",
                "reference": "2ab054ea5fb89611481324b7a256209d15cc5e20"
            },
            "dist": {
                "type": "zip",
                "url": "https://api.github.com/repos/phpclassic/php-shopify/zipball/2ab054ea5fb89611481324b7a256209d15cc5e20",
                "reference": "2ab054ea5fb89611481324b7a256209d15cc5e20",
                "shasum": ""
            },
            "require": {
                "ext-curl": "*",
                "php": ">=5.4"
            },
            "type": "library",
            "autoload": {
                "psr-4": {
                    "PHPShopify\\": "lib/"
                }
            },
            "notification-url": "https://packagist.org/downloads/",
            "license": [
                "Apache License 2.0"
            ],
            "authors": [
                {
                    "name": "Tareq Mahmood",
                    "email": "tareqtms@yahoo.com"
                }
            ],
            "description": "PHP SDK for Shopify API",
            "homepage": "https://github.com/phpclassic/php-shopify",
            "keywords": [
                "php",
                "sdk",
                "shopify"
            ],
            "time": "2016-08-20T18:28:57+00:00"
        },
        {
            "name": "thingengineer/mysqli-database-class",
            "version": "2.1.x-dev",
            "source": {
                "type": "git",
                "url": "https://github.com/ThingEngineer/PHP-MySQLi-Database-Class.git",
                "reference": "f07da2ac9b022dfc10051fc0c76711949237ce95"
            },
            "dist": {
                "type": "zip",
                "url": "https://api.github.com/repos/ThingEngineer/PHP-MySQLi-Database-Class/zipball/f07da2ac9b022dfc10051fc0c76711949237ce95",
                "reference": "f07da2ac9b022dfc10051fc0c76711949237ce95",
                "shasum": ""
            },
            "require": {
                "php": ">=5.3.0"
            },
            "type": "library",
            "autoload": {
                "files": [
                    "MysqliDb.php"
                ]
            },
            "notification-url": "https://packagist.org/downloads/",
            "license": [
                "GPL-3.0"
            ],
            "authors": [
                {
                    "name": "Josh Campbell",
                    "email": "josh.lee.campbell@gmail.com",
                    "homepage": "https://github.com/joshcam",
                    "role": "Developer"
                },
                {
                    "name": "Alexander V. Butenko",
                    "email": "a.butenka@gmail.com",
                    "homepage": "http://smarttechdo.com",
                    "role": "Developer"
                }
            ],
            "description": "Wrapper for a PHP MySQL class, which utilizes MySQLi and prepared statements.",
            "time": "2015-06-07T20:58:11+00:00"
        }
    ],
    "packages-dev": [],
    "aliases": [],
    "minimum-stability": "stable",
    "stability-flags": {
        "phpclassic/php-shopify": 10,
        "thingengineer/mysqli-database-class": 20
    },
    "prefer-stable": false,
    "prefer-lowest": false,
    "platform": [],
    "platform-dev": []
}
